
Microsoft Visual Studio Solution File, Format Version 12.00
# Visual Studio Version 16
VisualStudioVersion = 16.0.28803.202
MinimumVisualStudioVersion = 10.0.40219.1
Project("{2150E333-8FDC-42A3-9474-1A3956D46DE8}") = "src", "src", "{4C244443-600C-4A13-99C3-C7397631907B}"
EndProject
Project("{2150E333-8FDC-42A3-9474-1A3956D46DE8}") = "common", "common", "{D5D2356E-9403-496D-8A66-548FC0DE67D2}"
EndProject
Project("{2150E333-8FDC-42A3-9474-1A3956D46DE8}") = "services", "services", "{6A392584-3E07-410C-BBE2-82A54DC01D18}"
EndProject
Project("{2150E333-8FDC-42A3-9474-1A3956D46DE8}") = "plugins", "plugins", "{F4347E1C-0DF6-486B-B41E-D2065B0A78A0}"
EndProject
Project("{9A19103F-16F7-4668-BE54-9A1E7A4F7556}") = "Alaska.Services.Contents", "src\services\Alaska.Services.Contents\Alaska.Services.Contents.csproj", "{EEE01FF5-C04D-49F4-930C-65CBF32639C7}"
EndProject
Project("{FAE04EC0-301F-11D3-BF4B-00C04F79EFBC}") = "Alaska.Services.Contents.Domain", "src\services\Alaska.Services.Contents.Domain\Alaska.Services.Contents.Domain.csproj", "{53C489A3-A39B-4020-9EA3-F054432FAD29}"
EndProject
Project("{FAE04EC0-301F-11D3-BF4B-00C04F79EFBC}") = "Sitecore.Plugins.Alaska.Contents", "src\plugins\Sitecore.Plugins.Alaska.Contents\Sitecore.Plugins.Alaska.Contents.csproj", "{1F67093A-6009-4F7D-926C-3974395796CD}"
EndProject
Global
	GlobalSection(SolutionConfigurationPlatforms) = preSolution
		Debug|Any CPU = Debug|Any CPU
		Release|Any CPU = Release|Any CPU
	EndGlobalSection
	GlobalSection(ProjectConfigurationPlatforms) = postSolution
		{EEE01FF5-C04D-49F4-930C-65CBF32639C7}.Debug|Any CPU.ActiveCfg = Debug|Any CPU
		{EEE01FF5-C04D-49F4-930C-65CBF32639C7}.Debug|Any CPU.Build.0 = Debug|Any CPU
		{EEE01FF5-C04D-49F4-930C-65CBF32639C7}.Release|Any CPU.ActiveCfg = Release|Any CPU
		{EEE01FF5-C04D-49F4-930C-65CBF32639C7}.Release|Any CPU.Build.0 = Release|Any CPU
		{53C489A3-A39B-4020-9EA3-F054432FAD29}.Debug|Any CPU.ActiveCfg = Debug|Any CPU
		{53C489A3-A39B-4020-9EA3-F054432FAD29}.Debug|Any CPU.Build.0 = Debug|Any CPU
		{53C489A3-A39B-4020-9EA3-F054432FAD29}.Release|Any CPU.ActiveCfg = Release|Any CPU
		{53C489A3-A39B-4020-9EA3-F054432FAD29}.Release|Any CPU.Build.0 = Release|Any CPU
		{1F67093A-6009-4F7D-926C-3974395796CD}.Debug|Any CPU.ActiveCfg = Debug|Any CPU
		{1F67093A-6009-4F7D-926C-3974395796CD}.Debug|Any CPU.Build.0 = Debug|Any CPU
		{1F67093A-6009-4F7D-926C-3974395796CD}.Release|Any CPU.ActiveCfg = Release|Any CPU
		{1F67093A-6009-4F7D-926C-3974395796CD}.Release|Any CPU.Build.0 = Release|Any CPU
	EndGlobalSection
	GlobalSection(SolutionProperties) = preSolution
		HideSolutionNode = FALSE
	EndGlobalSection
	GlobalSection(NestedProjects) = preSolution
		{D5D2356E-9403-496D-8A66-548FC0DE67D2} = {4C244443-600C-4A13-99C3-C7397631907B}
		{6A392584-3E07-410C-BBE2-82A54DC01D18} = {4C244443-600C-4A13-99C3-C7397631907B}
		{F4347E1C-0DF6-486B-B41E-D2065B0A78A0} = {4C244443-600C-4A13-99C3-C7397631907B}
		{EEE01FF5-C04D-49F4-930C-65CBF32639C7} = {6A392584-3E07-410C-BBE2-82A54DC01D18}
		{53C489A3-A39B-4020-9EA3-F054432FAD29} = {6A392584-3E07-410C-BBE2-82A54DC01D18}
		{1F67093A-6009-4F7D-926C-3974395796CD} = {F4347E1C-0DF6-486B-B41E-D2065B0A78A0}
	EndGlobalSection
	GlobalSection(ExtensibilityGlobals) = postSolution
		SolutionGuid = {0964F183-CA85-4A78-9685-F1EA65B270E3}
	EndGlobalSection
EndGlobal
